// !$*UTF8*$!
{
	archiveVersion = 1;
	classes = {
	};
	objectVersion = 56;
	objects = {

/* Begin PBXBuildFile section */
		9DBBE9D32ABE19C3000F1565 /* CentSageApp.swift in Sources */ = {isa = PBXBuildFile; fileRef = 9DBBE9D22ABE19C3000F1565 /* CentSageApp.swift */; };
		9DBBE9D52ABE19C3000F1565 /* ContentView.swift in Sources */ = {isa = PBXBuildFile; fileRef = 9DBBE9D42ABE19C3000F1565 /* ContentView.swift */; };
		9DBBE9D72ABE19C5000F1565 /* Assets.xcassets in Resources */ = {isa = PBXBuildFile; fileRef = 9DBBE9D62ABE19C5000F1565 /* Assets.xcassets */; };
		9DBBE9DA2ABE19C5000F1565 /* Preview Assets.xcassets in Resources */ = {isa = PBXBuildFile; fileRef = 9DBBE9D92ABE19C5000F1565 /* Preview Assets.xcassets */; };
		9DBBE9DC2ABE19C5000F1565 /* Persistence.swift in Sources */ = {isa = PBXBuildFile; fileRef = 9DBBE9DB2ABE19C5000F1565 /* Persistence.swift */; };
		9DBBE9DF2ABE19C5000F1565 /* CentSage.xcdatamodeld in Sources */ = {isa = PBXBuildFile; fileRef = 9DBBE9DD2ABE19C5000F1565 /* CentSage.xcdatamodeld */; };
		9DBBE9F22ABE21A9000F1565 /* DashboardView.swift in Sources */ = {isa = PBXBuildFile; fileRef = 9DBBE9F12ABE21A9000F1565 /* DashboardView.swift */; };
		9DBBE9F42ABE2204000F1565 /* OnboardingView.swift in Sources */ = {isa = PBXBuildFile; fileRef = 9DBBE9F32ABE2204000F1565 /* OnboardingView.swift */; };
		9DBBE9F62ABE2236000F1565 /* TransactionsListView.swift in Sources */ = {isa = PBXBuildFile; fileRef = 9DBBE9F52ABE2236000F1565 /* TransactionsListView.swift */; };
		9DBBE9F82ABE226A000F1565 /* NewTransactionView.swift in Sources */ = {isa = PBXBuildFile; fileRef = 9DBBE9F72ABE226A000F1565 /* NewTransactionView.swift */; };
		9DBBE9FE2ABE30AF000F1565 /* TransactionsListViewModel.swift in Sources */ = {isa = PBXBuildFile; fileRef = 9DBBE9FD2ABE30AF000F1565 /* TransactionsListViewModel.swift */; };
		9DBBEA012ABE3161000F1565 /* TransactionRow.swift in Sources */ = {isa = PBXBuildFile; fileRef = 9DBBEA002ABE3161000F1565 /* TransactionRow.swift */; };
/* End PBXBuildFile section */

/* Begin PBXFileReference section */
		9DBBE9CF2ABE19C3000F1565 /* CentSage.app */ = {isa = PBXFileReference; explicitFileType = wrapper.application; includeInIndex = 0; path = CentSage.app; sourceTree = BUILT_PRODUCTS_DIR; };
		9DBBE9D22ABE19C3000F1565 /* CentSageApp.swift */ = {isa = PBXFileReference; lastKnownFileType = sourcecode.swift; path = CentSageApp.swift; sourceTree = "<group>"; };
		9DBBE9D42ABE19C3000F1565 /* ContentView.swift */ = {isa = PBXFileReference; lastKnownFileType = sourcecode.swift; path = ContentView.swift; sourceTree = "<group>"; };
		9DBBE9D62ABE19C5000F1565 /* Assets.xcassets */ = {isa = PBXFileReference; lastKnownFileType = folder.assetcatalog; path = Assets.xcassets; sourceTree = "<group>"; };
		9DBBE9D92ABE19C5000F1565 /* Preview Assets.xcassets */ = {isa = PBXFileReference; lastKnownFileType = folder.assetcatalog; path = "Preview Assets.xcassets"; sourceTree = "<group>"; };
		9DBBE9DB2ABE19C5000F1565 /* Persistence.swift */ = {isa = PBXFileReference; lastKnownFileType = sourcecode.swift; path = Persistence.swift; sourceTree = "<group>"; };
		9DBBE9DE2ABE19C5000F1565 /* CentSage.xcdatamodel */ = {isa = PBXFileReference; lastKnownFileType = wrapper.xcdatamodel; path = CentSage.xcdatamodel; sourceTree = "<group>"; };
		9DBBE9F12ABE21A9000F1565 /* DashboardView.swift */ = {isa = PBXFileReference; lastKnownFileType = sourcecode.swift; path = DashboardView.swift; sourceTree = "<group>"; };
		9DBBE9F32ABE2204000F1565 /* OnboardingView.swift */ = {isa = PBXFileReference; lastKnownFileType = sourcecode.swift; path = OnboardingView.swift; sourceTree = "<group>"; };
		9DBBE9F52ABE2236000F1565 /* TransactionsListView.swift */ = {isa = PBXFileReference; lastKnownFileType = sourcecode.swift; path = TransactionsListView.swift; sourceTree = "<group>"; };
		9DBBE9F72ABE226A000F1565 /* NewTransactionView.swift */ = {isa = PBXFileReference; lastKnownFileType = sourcecode.swift; path = NewTransactionView.swift; sourceTree = "<group>"; };
		9DBBE9FD2ABE30AF000F1565 /* TransactionsListViewModel.swift */ = {isa = PBXFileReference; lastKnownFileType = sourcecode.swift; path = TransactionsListViewModel.swift; sourceTree = "<group>"; };
		9DBBEA002ABE3161000F1565 /* TransactionRow.swift */ = {isa = PBXFileReference; lastKnownFileType = sourcecode.swift; path = TransactionRow.swift; sourceTree = "<group>"; };
/* End PBXFileReference section */

/* Begin PBXFrameworksBuildPhase section */
		9DBBE9CC2ABE19C3000F1565 /* Frameworks */ = {
			isa = PBXFrameworksBuildPhase;
			buildActionMask = 2147483647;
			files = (
			);
			runOnlyForDeploymentPostprocessing = 0;
		};
/* End PBXFrameworksBuildPhase section */

/* Begin PBXGroup section */
		9DBBE9C62ABE19C3000F1565 = {
			isa = PBXGroup;
			children = (
				9DBBE9D12ABE19C3000F1565 /* CentSage */,
				9DBBE9D02ABE19C3000F1565 /* Products */,
			);
			sourceTree = "<group>";
		};
		9DBBE9D02ABE19C3000F1565 /* Products */ = {
			isa = PBXGroup;
			children = (
				9DBBE9CF2ABE19C3000F1565 /* CentSage.app */,
			);
			name = Products;
			sourceTree = "<group>";
		};
		9DBBE9D12ABE19C3000F1565 /* CentSage */ = {
			isa = PBXGroup;
			children = (
				9DBBE9D22ABE19C3000F1565 /* CentSageApp.swift */,
				9DBBE9F92ABE22BD000F1565 /* Model */,
				9DBBE9FA2ABE22CD000F1565 /* Views */,
				9DBBE9FF2ABE30EC000F1565 /* ViewModels */,
				9DBBE9FB2ABE22D8000F1565 /* Services */,
				9DBBE9FC2ABE22E7000F1565 /* Assets */,
				9DBBE9D82ABE19C5000F1565 /* Preview Content */,
			);
			path = CentSage;
			sourceTree = "<group>";
		};
		9DBBE9D82ABE19C5000F1565 /* Preview Content */ = {
			isa = PBXGroup;
			children = (
				9DBBE9D92ABE19C5000F1565 /* Preview Assets.xcassets */,
			);
			path = "Preview Content";
			sourceTree = "<group>";
		};
		9DBBE9F92ABE22BD000F1565 /* Model */ = {
			isa = PBXGroup;
			children = (
				9DBBE9DD2ABE19C5000F1565 /* CentSage.xcdatamodeld */,
			);
			path = Model;
			sourceTree = "<group>";
		};
		9DBBE9FA2ABE22CD000F1565 /* Views */ = {
			isa = PBXGroup;
			children = (
				9DBBE9D42ABE19C3000F1565 /* ContentView.swift */,
				9DBBE9F32ABE2204000F1565 /* OnboardingView.swift */,
				9DBBE9F12ABE21A9000F1565 /* DashboardView.swift */,
				9DBBE9F52ABE2236000F1565 /* TransactionsListView.swift */,
				9DBBEA002ABE3161000F1565 /* TransactionRow.swift */,
				9DBBE9F72ABE226A000F1565 /* NewTransactionView.swift */,
			);
			path = Views;
			sourceTree = "<group>";
		};
		9DBBE9FB2ABE22D8000F1565 /* Services */ = {
			isa = PBXGroup;
			children = (
				9DBBE9DB2ABE19C5000F1565 /* Persistence.swift */,
			);
			path = Services;
			sourceTree = "<group>";
		};
		9DBBE9FC2ABE22E7000F1565 /* Assets */ = {
			isa = PBXGroup;
			children = (
				9DBBE9D62ABE19C5000F1565 /* Assets.xcassets */,
			);
			path = Assets;
			sourceTree = "<group>";
		};
		9DBBE9FF2ABE30EC000F1565 /* ViewModels */ = {
			isa = PBXGroup;
			children = (
				9DBBE9FD2ABE30AF000F1565 /* TransactionsListViewModel.swift */,
			);
			path = ViewModels;
			sourceTree = "<group>";
		};
/* End PBXGroup section */

/* Begin PBXNativeTarget section */
		9DBBE9CE2ABE19C3000F1565 /* CentSage */ = {
			isa = PBXNativeTarget;
			buildConfigurationList = 9DBBE9E22ABE19C5000F1565 /* Build configuration list for PBXNativeTarget "CentSage" */;
			buildPhases = (
				9DBBE9CB2ABE19C3000F1565 /* Sources */,
				9DBBE9CC2ABE19C3000F1565 /* Frameworks */,
				9DBBE9CD2ABE19C3000F1565 /* Resources */,
			);
			buildRules = (
			);
			dependencies = (
			);
			name = CentSage;
			productName = CentSage;
			productReference = 9DBBE9CF2ABE19C3000F1565 /* CentSage.app */;
			productType = "com.apple.product-type.application";
		};
/* End PBXNativeTarget section */

/* Begin PBXProject section */
		9DBBE9C72ABE19C3000F1565 /* Project object */ = {
			isa = PBXProject;
			attributes = {
				BuildIndependentTargetsInParallel = 1;
				LastSwiftUpdateCheck = 1500;
				LastUpgradeCheck = 1500;
				TargetAttributes = {
					9DBBE9CE2ABE19C3000F1565 = {
						CreatedOnToolsVersion = 15.0;
					};
				};
			};
			buildConfigurationList = 9DBBE9CA2ABE19C3000F1565 /* Build configuration list for PBXProject "CentSage" */;
			compatibilityVersion = "Xcode 14.0";
			developmentRegion = en;
			hasScannedForEncodings = 0;
			knownRegions = (
				en,
				Base,
			);
			mainGroup = 9DBBE9C62ABE19C3000F1565;
			productRefGroup = 9DBBE9D02ABE19C3000F1565 /* Products */;
			projectDirPath = "";
			projectRoot = "";
			targets = (
				9DBBE9CE2ABE19C3000F1565 /* CentSage */,
			);
		};
/* End PBXProject section */

/* Begin PBXResourcesBuildPhase section */
		9DBBE9CD2ABE19C3000F1565 /* Resources */ = {
			isa = PBXResourcesBuildPhase;
			buildActionMask = 2147483647;
			files = (
				9DBBE9DA2ABE19C5000F1565 /* Preview Assets.xcassets in Resources */,
				9DBBE9D72ABE19C5000F1565 /* Assets.xcassets in Resources */,
			);
			runOnlyForDeploymentPostprocessing = 0;
		};
/* End PBXResourcesBuildPhase section */

/* Begin PBXSourcesBuildPhase section */
		9DBBE9CB2ABE19C3000F1565 /* Sources */ = {
			isa = PBXSourcesBuildPhase;
			buildActionMask = 2147483647;
			files = (
				9DBBE9DC2ABE19C5000F1565 /* Persistence.swift in Sources */,
				9DBBE9F62ABE2236000F1565 /* TransactionsListView.swift in Sources */,
				9DBBE9D52ABE19C3000F1565 /* ContentView.swift in Sources */,
				9DBBE9F22ABE21A9000F1565 /* DashboardView.swift in Sources */,
				9DBBE9F42ABE2204000F1565 /* OnboardingView.swift in Sources */,
				9DBBEA012ABE3161000F1565 /* TransactionRow.swift in Sources */,
				9DBBE9FE2ABE30AF000F1565 /* TransactionsListViewModel.swift in Sources */,
				9DBBE9D32ABE19C3000F1565 /* CentSageApp.swift in Sources */,
				9DBBE9F82ABE226A000F1565 /* NewTransactionView.swift in Sources */,
				9DBBE9DF2ABE19C5000F1565 /* CentSage.xcdatamodeld in Sources */,
			);
			runOnlyForDeploymentPostprocessing = 0;
		};
/* End PBXSourcesBuildPhase section */

/* Begin XCBuildConfiguration section */
		9DBBE9E02ABE19C5000F1565 /* Debug */ = {
			isa = XCBuildConfiguration;
			buildSettings = {
				ALWAYS_SEARCH_USER_PATHS = NO;
				ASSETCATALOG_COMPILER_GENERATE_SWIFT_ASSET_SYMBOL_EXTENSIONS = YES;
				CLANG_ANALYZER_NONNULL = YES;
				CLANG_ANALYZER_NUMBER_OBJECT_CONVERSION = YES_AGGRESSIVE;
				CLANG_CXX_LANGUAGE_STANDARD = "gnu++20";
				CLANG_ENABLE_MODULES = YES;
				CLANG_ENABLE_OBJC_ARC = YES;
				CLANG_ENABLE_OBJC_WEAK = YES;
				CLANG_WARN_BLOCK_CAPTURE_AUTORELEASING = YES;
				CLANG_WARN_BOOL_CONVERSION = YES;
				CLANG_WARN_COMMA = YES;
				CLANG_WARN_CONSTANT_CONVERSION = YES;
				CLANG_WARN_DEPRECATED_OBJC_IMPLEMENTATIONS = YES;
				CLANG_WARN_DIRECT_OBJC_ISA_USAGE = YES_ERROR;
				CLANG_WARN_DOCUMENTATION_COMMENTS = YES;
				CLANG_WARN_EMPTY_BODY = YES;
				CLANG_WARN_ENUM_CONVERSION = YES;
				CLANG_WARN_INFINITE_RECURSION = YES;
				CLANG_WARN_INT_CONVERSION = YES;
				CLANG_WARN_NON_LITERAL_NULL_CONVERSION = YES;
				CLANG_WARN_OBJC_IMPLICIT_RETAIN_SELF = YES;
				CLANG_WARN_OBJC_LITERAL_CONVERSION = YES;
				CLANG_WARN_OBJC_ROOT_CLASS = YES_ERROR;
				CLANG_WARN_QUOTED_INCLUDE_IN_FRAMEWORK_HEADER = YES;
				CLANG_WARN_RANGE_LOOP_ANALYSIS = YES;
				CLANG_WARN_STRICT_PROTOTYPES = YES;
				CLANG_WARN_SUSPICIOUS_MOVE = YES;
				CLANG_WARN_UNGUARDED_AVAILABILITY = YES_AGGRESSIVE;
				CLANG_WARN_UNREACHABLE_CODE = YES;
				CLANG_WARN__DUPLICATE_METHOD_MATCH = YES;
				COPY_PHASE_STRIP = NO;
				DEBUG_INFORMATION_FORMAT = dwarf;
				ENABLE_STRICT_OBJC_MSGSEND = YES;
				ENABLE_TESTABILITY = YES;
				ENABLE_USER_SCRIPT_SANDBOXING = YES;
				GCC_C_LANGUAGE_STANDARD = gnu17;
				GCC_DYNAMIC_NO_PIC = NO;
				GCC_NO_COMMON_BLOCKS = YES;
				GCC_OPTIMIZATION_LEVEL = 0;
				GCC_PREPROCESSOR_DEFINITIONS = (
					"DEBUG=1",
					"$(inherited)",
				);
				GCC_WARN_64_TO_32_BIT_CONVERSION = YES;
				GCC_WARN_ABOUT_RETURN_TYPE = YES_ERROR;
				GCC_WARN_UNDECLARED_SELECTOR = YES;
				GCC_WARN_UNINITIALIZED_AUTOS = YES_AGGRESSIVE;
				GCC_WARN_UNUSED_FUNCTION = YES;
				GCC_WARN_UNUSED_VARIABLE = YES;
				IPHONEOS_DEPLOYMENT_TARGET = 17.0;
				LOCALIZATION_PREFERS_STRING_CATALOGS = YES;
				MTL_ENABLE_DEBUG_INFO = INCLUDE_SOURCE;
				MTL_FAST_MATH = YES;
				ONLY_ACTIVE_ARCH = YES;
				SDKROOT = iphoneos;
				SWIFT_ACTIVE_COMPILATION_CONDITIONS = "DEBUG $(inherited)";
				SWIFT_OPTIMIZATION_LEVEL = "-Onone";
			};
			name = Debug;
		};
		9DBBE9E12ABE19C5000F1565 /* Release */ = {
			isa = XCBuildConfiguration;
			buildSettings = {
				ALWAYS_SEARCH_USER_PATHS = NO;
				ASSETCATALOG_COMPILER_GENERATE_SWIFT_ASSET_SYMBOL_EXTENSIONS = YES;
				CLANG_ANALYZER_NONNULL = YES;
				CLANG_ANALYZER_NUMBER_OBJECT_CONVERSION = YES_AGGRESSIVE;
				CLANG_CXX_LANGUAGE_STANDARD = "gnu++20";
				CLANG_ENABLE_MODULES = YES;
				CLANG_ENABLE_OBJC_ARC = YES;
				CLANG_ENABLE_OBJC_WEAK = YES;
				CLANG_WARN_BLOCK_CAPTURE_AUTORELEASING = YES;
				CLANG_WARN_BOOL_CONVERSION = YES;
				CLANG_WARN_COMMA = YES;
				CLANG_WARN_CONSTANT_CONVERSION = YES;
				CLANG_WARN_DEPRECATED_OBJC_IMPLEMENTATIONS = YES;
				CLANG_WARN_DIRECT_OBJC_ISA_USAGE = YES_ERROR;
				CLANG_WARN_DOCUMENTATION_COMMENTS = YES;
				CLANG_WARN_EMPTY_BODY = YES;
				CLANG_WARN_ENUM_CONVERSION = YES;
				CLANG_WARN_INFINITE_RECURSION = YES;
				CLANG_WARN_INT_CONVERSION = YES;
				CLANG_WARN_NON_LITERAL_NULL_CONVERSION = YES;
				CLANG_WARN_OBJC_IMPLICIT_RETAIN_SELF = YES;
				CLANG_WARN_OBJC_LITERAL_CONVERSION = YES;
				CLANG_WARN_OBJC_ROOT_CLASS = YES_ERROR;
				CLANG_WARN_QUOTED_INCLUDE_IN_FRAMEWORK_HEADER = YES;
				CLANG_WARN_RANGE_LOOP_ANALYSIS = YES;
				CLANG_WARN_STRICT_PROTOTYPES = YES;
				CLANG_WARN_SUSPICIOUS_MOVE = YES;
				CLANG_WARN_UNGUARDED_AVAILABILITY = YES_AGGRESSIVE;
				CLANG_WARN_UNREACHABLE_CODE = YES;
				CLANG_WARN__DUPLICATE_METHOD_MATCH = YES;
				COPY_PHASE_STRIP = NO;
				DEBUG_INFORMATION_FORMAT = "dwarf-with-dsym";
				ENABLE_NS_ASSERTIONS = NO;
				ENABLE_STRICT_OBJC_MSGSEND = YES;
				ENABLE_USER_SCRIPT_SANDBOXING = YES;
				GCC_C_LANGUAGE_STANDARD = gnu17;
				GCC_NO_COMMON_BLOCKS = YES;
				GCC_WARN_64_TO_32_BIT_CONVERSION = YES;
				GCC_WARN_ABOUT_RETURN_TYPE = YES_ERROR;
				GCC_WARN_UNDECLARED_SELECTOR = YES;
				GCC_WARN_UNINITIALIZED_AUTOS = YES_AGGRESSIVE;
				GCC_WARN_UNUSED_FUNCTION = YES;
				GCC_WARN_UNUSED_VARIABLE = YES;
				IPHONEOS_DEPLOYMENT_TARGET = 17.0;
				LOCALIZATION_PREFERS_STRING_CATALOGS = YES;
				MTL_ENABLE_DEBUG_INFO = NO;
				MTL_FAST_MATH = YES;
				SDKROOT = iphoneos;
				SWIFT_COMPILATION_MODE = wholemodule;
				VALIDATE_PRODUCT = YES;
			};
			name = Release;
		};
		9DBBE9E32ABE19C5000F1565 /* Debug */ = {
			isa = XCBuildConfiguration;
			buildSettings = {
				ASSETCATALOG_COMPILER_APPICON_NAME = AppIcon;
				ASSETCATALOG_COMPILER_GLOBAL_ACCENT_COLOR_NAME = AccentColor;
				CODE_SIGN_STYLE = Automatic;
				CURRENT_PROJECT_VERSION = 1;
				DEVELOPMENT_ASSET_PATHS = "\"CentSage/Preview Content\"";
				DEVELOPMENT_TEAM = 42VHV36Q58;
				ENABLE_PREVIEWS = YES;
				GENERATE_INFOPLIST_FILE = YES;
				INFOPLIST_KEY_UIApplicationSceneManifest_Generation = YES;
				INFOPLIST_KEY_UIApplicationSupportsIndirectInputEvents = YES;
				INFOPLIST_KEY_UILaunchScreen_Generation = YES;
				INFOPLIST_KEY_UISupportedInterfaceOrientations_iPad = "UIInterfaceOrientationPortrait UIInterfaceOrientationPortraitUpsideDown UIInterfaceOrientationLandscapeLeft UIInterfaceOrientationLandscapeRight";
				INFOPLIST_KEY_UISupportedInterfaceOrientations_iPhone = "UIInterfaceOrientationPortrait UIInterfaceOrientationLandscapeLeft UIInterfaceOrientationLandscapeRight";
				LD_RUNPATH_SEARCH_PATHS = (
					"$(inherited)",
					"@executable_path/Frameworks",
				);
				MARKETING_VERSION = 1.0;
				PRODUCT_BUNDLE_IDENTIFIER = com.christopherendress.CentSage;
				PRODUCT_NAME = "$(TARGET_NAME)";
				SWIFT_EMIT_LOC_STRINGS = YES;
				SWIFT_VERSION = 5.0;
				TARGETED_DEVICE_FAMILY = "1,2";
			};
			name = Debug;
		};
		9DBBE9E42ABE19C5000F1565 /* Release */ = {
			isa = XCBuildConfiguration;
			buildSettings = {
				ASSETCATALOG_COMPILER_APPICON_NAME = AppIcon;
				ASSETCATALOG_COMPILER_GLOBAL_ACCENT_COLOR_NAME = AccentColor;
				CODE_SIGN_STYLE = Automatic;
				CURRENT_PROJECT_VERSION = 1;
				DEVELOPMENT_ASSET_PATHS = "\"CentSage/Preview Content\"";
				DEVELOPMENT_TEAM = 42VHV36Q58;
				ENABLE_PREVIEWS = YES;
				GENERATE_INFOPLIST_FILE = YES;
				INFOPLIST_KEY_UIApplicationSceneManifest_Generation = YES;
				INFOPLIST_KEY_UIApplicationSupportsIndirectInputEvents = YES;
				INFOPLIST_KEY_UILaunchScreen_Generation = YES;
				INFOPLIST_KEY_UISupportedInterfaceOrientations_iPad = "UIInterfaceOrientationPortrait UIInterfaceOrientationPortraitUpsideDown UIInterfaceOrientationLandscapeLeft UIInterfaceOrientationLandscapeRight";
				INFOPLIST_KEY_UISupportedInterfaceOrientations_iPhone = "UIInterfaceOrientationPortrait UIInterfaceOrientationLandscapeLeft UIInterfaceOrientationLandscapeRight";
				LD_RUNPATH_SEARCH_PATHS = (
					"$(inherited)",
					"@executable_path/Frameworks",
				);
				MARKETING_VERSION = 1.0;
				PRODUCT_BUNDLE_IDENTIFIER = com.christopherendress.CentSage;
				PRODUCT_NAME = "$(TARGET_NAME)";
				SWIFT_EMIT_LOC_STRINGS = YES;
				SWIFT_VERSION = 5.0;
				TARGETED_DEVICE_FAMILY = "1,2";
			};
			name = Release;
		};
/* End XCBuildConfiguration section */

/* Begin XCConfigurationList section */
		9DBBE9CA2ABE19C3000F1565 /* Build configuration list for PBXProject "CentSage" */ = {
			isa = XCConfigurationList;
			buildConfigurations = (
				9DBBE9E02ABE19C5000F1565 /* Debug */,
				9DBBE9E12ABE19C5000F1565 /* Release */,
			);
			defaultConfigurationIsVisible = 0;
			defaultConfigurationName = Release;
		};
		9DBBE9E22ABE19C5000F1565 /* Build configuration list for PBXNativeTarget "CentSage" */ = {
			isa = XCConfigurationList;
			buildConfigurations = (
				9DBBE9E32ABE19C5000F1565 /* Debug */,
				9DBBE9E42ABE19C5000F1565 /* Release */,
			);
			defaultConfigurationIsVisible = 0;
			defaultConfigurationName = Release;
		};
/* End XCConfigurationList section */

/* Begin XCVersionGroup section */
		9DBBE9DD2ABE19C5000F1565 /* CentSage.xcdatamodeld */ = {
			isa = XCVersionGroup;
			children = (
				9DBBE9DE2ABE19C5000F1565 /* CentSage.xcdatamodel */,
			);
			currentVersion = 9DBBE9DE2ABE19C5000F1565 /* CentSage.xcdatamodel */;
			path = CentSage.xcdatamodeld;
			sourceTree = "<group>";
			versionGroupType = wrapper.xcdatamodel;
		};
/* End XCVersionGroup section */
	};
	rootObject = 9DBBE9C72ABE19C3000F1565 /* Project object */;
}
